
Microsoft Visual Studio Solution File, Format Version 12.00
# Visual Studio Version 17
VisualStudioVersion = 17.6.33829.357
MinimumVisualStudioVersion = 10.0.40219.1
Project("{FAE04EC0-301F-11D3-BF4B-00C04F79EFBC}") = "Sorteo.Infrastructure", "..\Sorteo.Infrastructure\Sorteo.Infrastructure.csproj", "{040E86C3-E0D5-42BB-B385-13DBA05B299B}"
EndProject
Global
	GlobalSection(SolutionConfigurationPlatforms) = preSolution
		Debug|Any CPU = Debug|Any CPU
		Release|Any CPU = Release|Any CPU
	EndGlobalSection
	GlobalSection(ProjectConfigurationPlatforms) = postSolution
		{040E86C3-E0D5-42BB-B385-13DBA05B299B}.Debug|Any CPU.ActiveCfg = Debug|Any CPU
		{040E86C3-E0D5-42BB-B385-13DBA05B299B}.Debug|Any CPU.Build.0 = Debug|Any CPU
		{040E86C3-E0D5-42BB-B385-13DBA05B299B}.Release|Any CPU.ActiveCfg = Release|Any CPU
		{040E86C3-E0D5-42BB-B385-13DBA05B299B}.Release|Any CPU.Build.0 = Release|Any CPU
	EndGlobalSection
	GlobalSection(SolutionProperties) = preSolution
		HideSolutionNode = FALSE
	EndGlobalSection
	GlobalSection(ExtensibilityGlobals) = postSolution
		SolutionGuid = {D2909971-03AA-4CC5-AD15-E185F4DB2E2C}
	EndGlobalSection
EndGlobal
