
Microsoft Visual Studio Solution File, Format Version 12.00
# Visual Studio Version 17
VisualStudioVersion = 17.6.33829.357
MinimumVisualStudioVersion = 10.0.40219.1
Project("{9A19103F-16F7-4668-BE54-9A1E7A4F7556}") = "Sorteo.Domain", "Sorteo.Domain\Sorteo.Domain.csproj", "{7C727EC6-0E14-432B-95B9-96DB4C4FC83A}"
EndProject
Project("{9A19103F-16F7-4668-BE54-9A1E7A4F7556}") = "Sorteo.Infrastructure", "Sorteo.Infrastructure\Sorteo.Infrastructure.csproj", "{4034A04D-C556-4FC6-BF86-757A2D17758A}"
EndProject
Project("{9A19103F-16F7-4668-BE54-9A1E7A4F7556}") = "Sorteo.Application", "Sorteo.Application\Sorteo.Application.csproj", "{A515F60E-33E1-4702-B85D-C3B7F7510859}"
EndProject
Project("{9A19103F-16F7-4668-BE54-9A1E7A4F7556}") = "Sorteo.API", "Sorteo.API\Sorteo.API.csproj", "{22062252-526A-4F0C-AF15-8FDE25021577}"
EndProject
Project("{9A19103F-16F7-4668-BE54-9A1E7A4F7556}") = "TestSorteo", "TestSorteo\TestSorteo.csproj", "{908069E7-B0F2-4D34-AC50-F80B6957A215}"
EndProject
Project("{00D1A9C2-B5F0-4AF3-8072-F6C62B433612}") = "DatabaseSorteo", "DatabaseSorteo\DatabaseSorteo.sqlproj", "{D33E44BC-DC78-4376-9744-311FAE8F242F}"
EndProject
Project("{9A19103F-16F7-4668-BE54-9A1E7A4F7556}") = "Sorteo.Front", "Sorteo.Front\Sorteo.Front.csproj", "{79C8EF53-D5C8-4ACC-8B61-4CBFC74F6C6A}"
EndProject
Global
	GlobalSection(SolutionConfigurationPlatforms) = preSolution
		Debug|Any CPU = Debug|Any CPU
		Release|Any CPU = Release|Any CPU
	EndGlobalSection
	GlobalSection(ProjectConfigurationPlatforms) = postSolution
		{7C727EC6-0E14-432B-95B9-96DB4C4FC83A}.Debug|Any CPU.ActiveCfg = Debug|Any CPU
		{7C727EC6-0E14-432B-95B9-96DB4C4FC83A}.Debug|Any CPU.Build.0 = Debug|Any CPU
		{7C727EC6-0E14-432B-95B9-96DB4C4FC83A}.Release|Any CPU.ActiveCfg = Release|Any CPU
		{7C727EC6-0E14-432B-95B9-96DB4C4FC83A}.Release|Any CPU.Build.0 = Release|Any CPU
		{4034A04D-C556-4FC6-BF86-757A2D17758A}.Debug|Any CPU.ActiveCfg = Debug|Any CPU
		{4034A04D-C556-4FC6-BF86-757A2D17758A}.Debug|Any CPU.Build.0 = Debug|Any CPU
		{4034A04D-C556-4FC6-BF86-757A2D17758A}.Release|Any CPU.ActiveCfg = Release|Any CPU
		{4034A04D-C556-4FC6-BF86-757A2D17758A}.Release|Any CPU.Build.0 = Release|Any CPU
		{A515F60E-33E1-4702-B85D-C3B7F7510859}.Debug|Any CPU.ActiveCfg = Debug|Any CPU
		{A515F60E-33E1-4702-B85D-C3B7F7510859}.Debug|Any CPU.Build.0 = Debug|Any CPU
		{A515F60E-33E1-4702-B85D-C3B7F7510859}.Release|Any CPU.ActiveCfg = Release|Any CPU
		{A515F60E-33E1-4702-B85D-C3B7F7510859}.Release|Any CPU.Build.0 = Release|Any CPU
		{22062252-526A-4F0C-AF15-8FDE25021577}.Debug|Any CPU.ActiveCfg = Debug|Any CPU
		{22062252-526A-4F0C-AF15-8FDE25021577}.Debug|Any CPU.Build.0 = Debug|Any CPU
		{22062252-526A-4F0C-AF15-8FDE25021577}.Release|Any CPU.ActiveCfg = Release|Any CPU
		{22062252-526A-4F0C-AF15-8FDE25021577}.Release|Any CPU.Build.0 = Release|Any CPU
		{908069E7-B0F2-4D34-AC50-F80B6957A215}.Debug|Any CPU.ActiveCfg = Debug|Any CPU
		{908069E7-B0F2-4D34-AC50-F80B6957A215}.Debug|Any CPU.Build.0 = Debug|Any CPU
		{908069E7-B0F2-4D34-AC50-F80B6957A215}.Release|Any CPU.ActiveCfg = Release|Any CPU
		{908069E7-B0F2-4D34-AC50-F80B6957A215}.Release|Any CPU.Build.0 = Release|Any CPU
		{D33E44BC-DC78-4376-9744-311FAE8F242F}.Debug|Any CPU.ActiveCfg = Debug|Any CPU
		{D33E44BC-DC78-4376-9744-311FAE8F242F}.Debug|Any CPU.Build.0 = Debug|Any CPU
		{D33E44BC-DC78-4376-9744-311FAE8F242F}.Debug|Any CPU.Deploy.0 = Debug|Any CPU
		{D33E44BC-DC78-4376-9744-311FAE8F242F}.Release|Any CPU.ActiveCfg = Release|Any CPU
		{D33E44BC-DC78-4376-9744-311FAE8F242F}.Release|Any CPU.Build.0 = Release|Any CPU
		{D33E44BC-DC78-4376-9744-311FAE8F242F}.Release|Any CPU.Deploy.0 = Release|Any CPU
		{79C8EF53-D5C8-4ACC-8B61-4CBFC74F6C6A}.Debug|Any CPU.ActiveCfg = Debug|Any CPU
		{79C8EF53-D5C8-4ACC-8B61-4CBFC74F6C6A}.Debug|Any CPU.Build.0 = Debug|Any CPU
		{79C8EF53-D5C8-4ACC-8B61-4CBFC74F6C6A}.Release|Any CPU.ActiveCfg = Release|Any CPU
		{79C8EF53-D5C8-4ACC-8B61-4CBFC74F6C6A}.Release|Any CPU.Build.0 = Release|Any CPU
	EndGlobalSection
	GlobalSection(SolutionProperties) = preSolution
		HideSolutionNode = FALSE
	EndGlobalSection
	GlobalSection(ExtensibilityGlobals) = postSolution
		SolutionGuid = {D2909971-03AA-4CC5-AD15-E185F4DB2E2C}
	EndGlobalSection
EndGlobal
